
Microsoft Visual Studio Solution File, Format Version 12.00
# Visual Studio Version 16
VisualStudioVersion = 16.0.29709.97
MinimumVisualStudioVersion = 10.0.40219.1
Project("{FAE04EC0-301F-11D3-BF4B-00C04F79EFBC}") = "EventViewerAndWriter", "EventViewerAndWriter.csproj", "{2A411414-6472-408F-ABC6-17EDFE521516}"
EndProject
Global
	GlobalSection(SolutionConfigurationPlatforms) = preSolution
		Debug|Any CPU = Debug|Any CPU
		Release|Any CPU = Release|Any CPU
	EndGlobalSection
	GlobalSection(ProjectConfigurationPlatforms) = postSolution
		{2A411414-6472-408F-ABC6-17EDFE521516}.Debug|Any CPU.ActiveCfg = Debug|Any CPU
		{2A411414-6472-408F-ABC6-17EDFE521516}.Debug|Any CPU.Build.0 = Debug|Any CPU
		{2A411414-6472-408F-ABC6-17EDFE521516}.Release|Any CPU.ActiveCfg = Release|Any CPU
		{2A411414-6472-408F-ABC6-17EDFE521516}.Release|Any CPU.Build.0 = Release|Any CPU
	EndGlobalSection
	GlobalSection(SolutionProperties) = preSolution
		HideSolutionNode = FALSE
	EndGlobalSection
	GlobalSection(ExtensibilityGlobals) = postSolution
		SolutionGuid = {337F4261-7FDB-4EF8-8F9A-4913836C1B7A}
	EndGlobalSection
EndGlobal
